
Microsoft Visual Studio Solution File, Format Version 12.00
# Visual Studio 15
VisualStudioVersion = 15.0.28307.106
MinimumVisualStudioVersion = 10.0.40219.1
Project("{FAE04EC0-301F-11D3-BF4B-00C04F79EFBC}") = "ExcelHomeWPF", "ExcelHomeWPF\ExcelHomeWPF.csproj", "{18AF4515-16D2-4268-A550-FFB715F5206E}"
EndProject
Global
	GlobalSection(SolutionConfigurationPlatforms) = preSolution
		Debug|Any CPU = Debug|Any CPU
		Release|Any CPU = Release|Any CPU
	EndGlobalSection
	GlobalSection(ProjectConfigurationPlatforms) = postSolution
		{18AF4515-16D2-4268-A550-FFB715F5206E}.Debug|Any CPU.ActiveCfg = Debug|Any CPU
		{18AF4515-16D2-4268-A550-FFB715F5206E}.Debug|Any CPU.Build.0 = Debug|Any CPU
		{18AF4515-16D2-4268-A550-FFB715F5206E}.Release|Any CPU.ActiveCfg = Release|Any CPU
		{18AF4515-16D2-4268-A550-FFB715F5206E}.Release|Any CPU.Build.0 = Release|Any CPU
	EndGlobalSection
	GlobalSection(SolutionProperties) = preSolution
		HideSolutionNode = FALSE
	EndGlobalSection
	GlobalSection(ExtensibilityGlobals) = postSolution
		SolutionGuid = {FE6605C4-9B76-4AE5-95AD-1D48EC109BF5}
	EndGlobalSection
EndGlobal
